
Microsoft Visual Studio Solution File, Format Version 10.00
# Visual Studio 2008
Project("{8BC9CEB8-8B4A-11D0-8D11-00A0C91BC942}") = "s1240_decoder", "s1240_decoder.vcproj", "{58AD425D-DA56-4D1F-887B-7D60F5E7D421}"
EndProject
Global
	GlobalSection(SolutionConfigurationPlatforms) = preSolution
		Debug|Win32 = Debug|Win32
		Release|Win32 = Release|Win32
	EndGlobalSection
	GlobalSection(ProjectConfigurationPlatforms) = postSolution
		{58AD425D-DA56-4D1F-887B-7D60F5E7D421}.Debug|Win32.ActiveCfg = Debug|Win32
		{58AD425D-DA56-4D1F-887B-7D60F5E7D421}.Debug|Win32.Build.0 = Debug|Win32
		{58AD425D-DA56-4D1F-887B-7D60F5E7D421}.Release|Win32.ActiveCfg = Release|Win32
		{58AD425D-DA56-4D1F-887B-7D60F5E7D421}.Release|Win32.Build.0 = Release|Win32
	EndGlobalSection
	GlobalSection(SolutionProperties) = preSolution
		HideSolutionNode = FALSE
	EndGlobalSection
EndGlobal
