
Microsoft Visual Studio Solution File, Format Version 10.00
# Visual Studio 2008
Project("{8BC9CEB8-8B4A-11D0-8D11-00A0C91BC942}") = "db_link_decoder", "db_link_decoder\db_link_decoder.vcproj", "{3EA3EFE4-CF47-4820-B4E1-BB63B566D486}"
EndProject
Project("{8BC9CEB8-8B4A-11D0-8D11-00A0C91BC942}") = "dbf_decoder", "dbf_decoder\dbf_decoder.vcproj", "{4002F344-76AC-4A36-BF45-5034553A9646}"
EndProject
Project("{8BC9CEB8-8B4A-11D0-8D11-00A0C91BC942}") = "fix_asc_decoder", "fix_asc_decoder\fix_asc_decoder.vcproj", "{6BD35D4D-F13D-4297-A866-81B1417BCD40}"
EndProject
Project("{8BC9CEB8-8B4A-11D0-8D11-00A0C91BC942}") = "s1240_decoder", "s1240_decoder\s1240_decoder.vcproj", "{58AD425D-DA56-4D1F-887B-7D60F5E7D421}"
EndProject
Project("{8BC9CEB8-8B4A-11D0-8D11-00A0C91BC942}") = "sett2", "sett2\sett2.vcproj", "{2CF31B02-14D4-4D66-8417-DB18EC9430D7}"
EndProject
Project("{8BC9CEB8-8B4A-11D0-8D11-00A0C91BC942}") = "vary_asc_decoder", "vary_asc_decoder\vary_asc_decoder.vcproj", "{B463BD1F-B301-4E42-BD50-DC5B5EBCC150}"
EndProject
Global
	GlobalSection(SolutionConfigurationPlatforms) = preSolution
		Debug|Win32 = Debug|Win32
		Release|Win32 = Release|Win32
	EndGlobalSection
	GlobalSection(ProjectConfigurationPlatforms) = postSolution
		{3EA3EFE4-CF47-4820-B4E1-BB63B566D486}.Debug|Win32.ActiveCfg = Debug|Win32
		{3EA3EFE4-CF47-4820-B4E1-BB63B566D486}.Debug|Win32.Build.0 = Debug|Win32
		{3EA3EFE4-CF47-4820-B4E1-BB63B566D486}.Release|Win32.ActiveCfg = Release|Win32
		{3EA3EFE4-CF47-4820-B4E1-BB63B566D486}.Release|Win32.Build.0 = Release|Win32
		{4002F344-76AC-4A36-BF45-5034553A9646}.Debug|Win32.ActiveCfg = Debug|Win32
		{4002F344-76AC-4A36-BF45-5034553A9646}.Debug|Win32.Build.0 = Debug|Win32
		{4002F344-76AC-4A36-BF45-5034553A9646}.Release|Win32.ActiveCfg = Release|Win32
		{4002F344-76AC-4A36-BF45-5034553A9646}.Release|Win32.Build.0 = Release|Win32
		{6BD35D4D-F13D-4297-A866-81B1417BCD40}.Debug|Win32.ActiveCfg = Debug|Win32
		{6BD35D4D-F13D-4297-A866-81B1417BCD40}.Debug|Win32.Build.0 = Debug|Win32
		{6BD35D4D-F13D-4297-A866-81B1417BCD40}.Release|Win32.ActiveCfg = Release|Win32
		{6BD35D4D-F13D-4297-A866-81B1417BCD40}.Release|Win32.Build.0 = Release|Win32
		{58AD425D-DA56-4D1F-887B-7D60F5E7D421}.Debug|Win32.ActiveCfg = Debug|Win32
		{58AD425D-DA56-4D1F-887B-7D60F5E7D421}.Debug|Win32.Build.0 = Debug|Win32
		{58AD425D-DA56-4D1F-887B-7D60F5E7D421}.Release|Win32.ActiveCfg = Release|Win32
		{58AD425D-DA56-4D1F-887B-7D60F5E7D421}.Release|Win32.Build.0 = Release|Win32
		{2CF31B02-14D4-4D66-8417-DB18EC9430D7}.Debug|Win32.ActiveCfg = Debug|Win32
		{2CF31B02-14D4-4D66-8417-DB18EC9430D7}.Debug|Win32.Build.0 = Debug|Win32
		{2CF31B02-14D4-4D66-8417-DB18EC9430D7}.Release|Win32.ActiveCfg = Release|Win32
		{2CF31B02-14D4-4D66-8417-DB18EC9430D7}.Release|Win32.Build.0 = Release|Win32
		{B463BD1F-B301-4E42-BD50-DC5B5EBCC150}.Debug|Win32.ActiveCfg = Debug|Win32
		{B463BD1F-B301-4E42-BD50-DC5B5EBCC150}.Debug|Win32.Build.0 = Debug|Win32
		{B463BD1F-B301-4E42-BD50-DC5B5EBCC150}.Release|Win32.ActiveCfg = Release|Win32
		{B463BD1F-B301-4E42-BD50-DC5B5EBCC150}.Release|Win32.Build.0 = Release|Win32
	EndGlobalSection
	GlobalSection(SolutionProperties) = preSolution
		HideSolutionNode = FALSE
	EndGlobalSection
EndGlobal
